
Microsoft Visual Studio Solution File, Format Version 11.00
# Visual Studio 2010
Project("{FAE04EC0-301F-11D3-BF4B-00C04F79EFBC}") = "MindstormsControllerOld", "J2i.Net.XnaXboxController\MindstormsControllerOld.csproj", "{6BBC015C-5D26-4BDC-9A5A-EDCF4DB1175F}"
EndProject
Project("{FAE04EC0-301F-11D3-BF4B-00C04F79EFBC}") = "xpidea.neuro.net.examples.backporpRPROP.ocr", "..\SimpleOCRsrc\xpidea.neuro.net.examples.backporpRPROP.ocr.csproj", "{E6C6A3C1-41A9-428C-B2E0-DB342D2433EE}"
EndProject
Project("{FAE04EC0-301F-11D3-BF4B-00C04F79EFBC}") = "LegoMindstormsController", "LegoMindstormsController\LegoMindstormsController.csproj", "{4F5587FC-27EC-4BA0-BC1D-88ED07E8CD13}"
EndProject
Global
	GlobalSection(SolutionConfigurationPlatforms) = preSolution
		Debug|Any CPU = Debug|Any CPU
		Debug|Mixed Platforms = Debug|Mixed Platforms
		Debug|x86 = Debug|x86
		DEmo|Any CPU = DEmo|Any CPU
		DEmo|Mixed Platforms = DEmo|Mixed Platforms
		DEmo|x86 = DEmo|x86
		Release|Any CPU = Release|Any CPU
		Release|Mixed Platforms = Release|Mixed Platforms
		Release|x86 = Release|x86
	EndGlobalSection
	GlobalSection(ProjectConfigurationPlatforms) = postSolution
		{6BBC015C-5D26-4BDC-9A5A-EDCF4DB1175F}.Debug|Any CPU.ActiveCfg = Debug|Any CPU
		{6BBC015C-5D26-4BDC-9A5A-EDCF4DB1175F}.Debug|Any CPU.Build.0 = Debug|Any CPU
		{6BBC015C-5D26-4BDC-9A5A-EDCF4DB1175F}.Debug|Mixed Platforms.ActiveCfg = Debug|Any CPU
		{6BBC015C-5D26-4BDC-9A5A-EDCF4DB1175F}.Debug|Mixed Platforms.Build.0 = Debug|Any CPU
		{6BBC015C-5D26-4BDC-9A5A-EDCF4DB1175F}.Debug|x86.ActiveCfg = Debug|Any CPU
		{6BBC015C-5D26-4BDC-9A5A-EDCF4DB1175F}.DEmo|Any CPU.ActiveCfg = Debug|Any CPU
		{6BBC015C-5D26-4BDC-9A5A-EDCF4DB1175F}.DEmo|Any CPU.Build.0 = Debug|Any CPU
		{6BBC015C-5D26-4BDC-9A5A-EDCF4DB1175F}.DEmo|Mixed Platforms.ActiveCfg = Debug|Any CPU
		{6BBC015C-5D26-4BDC-9A5A-EDCF4DB1175F}.DEmo|Mixed Platforms.Build.0 = Debug|Any CPU
		{6BBC015C-5D26-4BDC-9A5A-EDCF4DB1175F}.DEmo|x86.ActiveCfg = Debug|Any CPU
		{6BBC015C-5D26-4BDC-9A5A-EDCF4DB1175F}.Release|Any CPU.ActiveCfg = Release|Any CPU
		{6BBC015C-5D26-4BDC-9A5A-EDCF4DB1175F}.Release|Any CPU.Build.0 = Release|Any CPU
		{6BBC015C-5D26-4BDC-9A5A-EDCF4DB1175F}.Release|Mixed Platforms.ActiveCfg = Release|Any CPU
		{6BBC015C-5D26-4BDC-9A5A-EDCF4DB1175F}.Release|Mixed Platforms.Build.0 = Release|Any CPU
		{6BBC015C-5D26-4BDC-9A5A-EDCF4DB1175F}.Release|x86.ActiveCfg = Release|Any CPU
		{E6C6A3C1-41A9-428C-B2E0-DB342D2433EE}.Debug|Any CPU.ActiveCfg = Release|Any CPU
		{E6C6A3C1-41A9-428C-B2E0-DB342D2433EE}.Debug|Mixed Platforms.ActiveCfg = Release|Any CPU
		{E6C6A3C1-41A9-428C-B2E0-DB342D2433EE}.Debug|x86.ActiveCfg = Release|Any CPU
		{E6C6A3C1-41A9-428C-B2E0-DB342D2433EE}.DEmo|Any CPU.ActiveCfg = Release|Any CPU
		{E6C6A3C1-41A9-428C-B2E0-DB342D2433EE}.DEmo|Mixed Platforms.ActiveCfg = Release|Any CPU
		{E6C6A3C1-41A9-428C-B2E0-DB342D2433EE}.DEmo|x86.ActiveCfg = Release|Any CPU
		{E6C6A3C1-41A9-428C-B2E0-DB342D2433EE}.Release|Any CPU.ActiveCfg = Release|Any CPU
		{E6C6A3C1-41A9-428C-B2E0-DB342D2433EE}.Release|Mixed Platforms.ActiveCfg = Release|Any CPU
		{E6C6A3C1-41A9-428C-B2E0-DB342D2433EE}.Release|x86.ActiveCfg = Release|Any CPU
		{4F5587FC-27EC-4BA0-BC1D-88ED07E8CD13}.Debug|Any CPU.ActiveCfg = Release|x86
		{4F5587FC-27EC-4BA0-BC1D-88ED07E8CD13}.Debug|Any CPU.Build.0 = Release|x86
		{4F5587FC-27EC-4BA0-BC1D-88ED07E8CD13}.Debug|Mixed Platforms.ActiveCfg = Release|x86
		{4F5587FC-27EC-4BA0-BC1D-88ED07E8CD13}.Debug|Mixed Platforms.Build.0 = Release|x86
		{4F5587FC-27EC-4BA0-BC1D-88ED07E8CD13}.Debug|x86.ActiveCfg = Release|x86
		{4F5587FC-27EC-4BA0-BC1D-88ED07E8CD13}.Debug|x86.Build.0 = Release|x86
		{4F5587FC-27EC-4BA0-BC1D-88ED07E8CD13}.DEmo|Any CPU.ActiveCfg = Release|x86
		{4F5587FC-27EC-4BA0-BC1D-88ED07E8CD13}.DEmo|Any CPU.Build.0 = Release|x86
		{4F5587FC-27EC-4BA0-BC1D-88ED07E8CD13}.DEmo|Mixed Platforms.ActiveCfg = Release|x86
		{4F5587FC-27EC-4BA0-BC1D-88ED07E8CD13}.DEmo|Mixed Platforms.Build.0 = Release|x86
		{4F5587FC-27EC-4BA0-BC1D-88ED07E8CD13}.DEmo|x86.ActiveCfg = Release|x86
		{4F5587FC-27EC-4BA0-BC1D-88ED07E8CD13}.DEmo|x86.Build.0 = Release|x86
		{4F5587FC-27EC-4BA0-BC1D-88ED07E8CD13}.Release|Any CPU.ActiveCfg = Release|x86
		{4F5587FC-27EC-4BA0-BC1D-88ED07E8CD13}.Release|Any CPU.Build.0 = Release|x86
		{4F5587FC-27EC-4BA0-BC1D-88ED07E8CD13}.Release|Mixed Platforms.ActiveCfg = Release|x86
		{4F5587FC-27EC-4BA0-BC1D-88ED07E8CD13}.Release|Mixed Platforms.Build.0 = Release|x86
		{4F5587FC-27EC-4BA0-BC1D-88ED07E8CD13}.Release|x86.ActiveCfg = Release|x86
		{4F5587FC-27EC-4BA0-BC1D-88ED07E8CD13}.Release|x86.Build.0 = Release|x86
	EndGlobalSection
	GlobalSection(SolutionProperties) = preSolution
		HideSolutionNode = FALSE
	EndGlobalSection
EndGlobal
